// !$*UTF8*$!
{
	archiveVersion = 1;
	classes = {
	};
	objectVersion = 46;
	objects = {

/* Begin PBXBuildFile section */
		F301398221053AB4009B5182 /* Event+CoreDataClass.swift in Sources */ = {isa = PBXBuildFile; fileRef = F301398021053AB4009B5182 /* Event+CoreDataClass.swift */; };
		F301398321053AB4009B5182 /* Event+CoreDataProperties.swift in Sources */ = {isa = PBXBuildFile; fileRef = F301398121053AB4009B5182 /* Event+CoreDataProperties.swift */; };
		F301398521053D64009B5182 /* UserListViewController.swift in Sources */ = {isa = PBXBuildFile; fileRef = F301398421053D64009B5182 /* UserListViewController.swift */; };
		F30139872105404C009B5182 /* UserListCell.swift in Sources */ = {isa = PBXBuildFile; fileRef = F30139862105404C009B5182 /* UserListCell.swift */; };
		F37F53B121055D9B004174B8 /* TimeLogViewController.swift in Sources */ = {isa = PBXBuildFile; fileRef = F37F53B021055D9B004174B8 /* TimeLogViewController.swift */; };
		F37F53B321055F33004174B8 /* UserDetailViewController.swift in Sources */ = {isa = PBXBuildFile; fileRef = F37F53B221055F33004174B8 /* UserDetailViewController.swift */; };
		F3B01F982103CA9700770D76 /* AppDelegate.swift in Sources */ = {isa = PBXBuildFile; fileRef = F3B01F972103CA9700770D76 /* AppDelegate.swift */; };
		F3B01F9A2103CA9700770D76 /* ViewController.swift in Sources */ = {isa = PBXBuildFile; fileRef = F3B01F992103CA9700770D76 /* ViewController.swift */; };
		F3B01F9D2103CA9700770D76 /* Main.storyboard in Resources */ = {isa = PBXBuildFile; fileRef = F3B01F9B2103CA9700770D76 /* Main.storyboard */; };
		F3B01FA02103CA9700770D76 /* MRuel002_P6.xcdatamodeld in Sources */ = {isa = PBXBuildFile; fileRef = F3B01F9E2103CA9700770D76 /* MRuel002_P6.xcdatamodeld */; };
		F3B01FA22103CA9700770D76 /* Assets.xcassets in Resources */ = {isa = PBXBuildFile; fileRef = F3B01FA12103CA9700770D76 /* Assets.xcassets */; };
		F3B01FA52103CA9700770D76 /* LaunchScreen.storyboard in Resources */ = {isa = PBXBuildFile; fileRef = F3B01FA32103CA9700770D76 /* LaunchScreen.storyboard */; };
		F3B01FF72103D94200770D76 /* TimeLogCell.swift in Sources */ = {isa = PBXBuildFile; fileRef = F3B01FF62103D94200770D76 /* TimeLogCell.swift */; };
/* End PBXBuildFile section */

/* Begin PBXFileReference section */
		F301398021053AB4009B5182 /* Event+CoreDataClass.swift */ = {isa = PBXFileReference; fileEncoding = 4; lastKnownFileType = sourcecode.swift; path = "Event+CoreDataClass.swift"; sourceTree = "<group>"; };
		F301398121053AB4009B5182 /* Event+CoreDataProperties.swift */ = {isa = PBXFileReference; fileEncoding = 4; lastKnownFileType = sourcecode.swift; path = "Event+CoreDataProperties.swift"; sourceTree = "<group>"; };
		F301398421053D64009B5182 /* UserListViewController.swift */ = {isa = PBXFileReference; fileEncoding = 4; lastKnownFileType = sourcecode.swift; path = UserListViewController.swift; sourceTree = "<group>"; };
		F30139862105404C009B5182 /* UserListCell.swift */ = {isa = PBXFileReference; fileEncoding = 4; lastKnownFileType = sourcecode.swift; path = UserListCell.swift; sourceTree = "<group>"; };
		F37F53B021055D9B004174B8 /* TimeLogViewController.swift */ = {isa = PBXFileReference; fileEncoding = 4; lastKnownFileType = sourcecode.swift; path = TimeLogViewController.swift; sourceTree = "<group>"; };
		F37F53B221055F33004174B8 /* UserDetailViewController.swift */ = {isa = PBXFileReference; fileEncoding = 4; lastKnownFileType = sourcecode.swift; path = UserDetailViewController.swift; sourceTree = "<group>"; };
		F3B01F942103CA9700770D76 /* MRuel002-P6.app */ = {isa = PBXFileReference; explicitFileType = wrapper.application; includeInIndex = 0; path = "MRuel002-P6.app"; sourceTree = BUILT_PRODUCTS_DIR; };
		F3B01F972103CA9700770D76 /* AppDelegate.swift */ = {isa = PBXFileReference; lastKnownFileType = sourcecode.swift; path = AppDelegate.swift; sourceTree = "<group>"; };
		F3B01F992103CA9700770D76 /* ViewController.swift */ = {isa = PBXFileReference; lastKnownFileType = sourcecode.swift; path = ViewController.swift; sourceTree = "<group>"; };
		F3B01F9C2103CA9700770D76 /* Base */ = {isa = PBXFileReference; lastKnownFileType = file.storyboard; name = Base; path = Base.lproj/Main.storyboard; sourceTree = "<group>"; };
		F3B01F9F2103CA9700770D76 /* MRuel002_P6.xcdatamodel */ = {isa = PBXFileReference; lastKnownFileType = wrapper.xcdatamodel; path = MRuel002_P6.xcdatamodel; sourceTree = "<group>"; };
		F3B01FA12103CA9700770D76 /* Assets.xcassets */ = {isa = PBXFileReference; lastKnownFileType = folder.assetcatalog; path = Assets.xcassets; sourceTree = "<group>"; };
		F3B01FA42103CA9700770D76 /* Base */ = {isa = PBXFileReference; lastKnownFileType = file.storyboard; name = Base; path = Base.lproj/LaunchScreen.storyboard; sourceTree = "<group>"; };
		F3B01FA62103CA9700770D76 /* Info.plist */ = {isa = PBXFileReference; lastKnownFileType = text.plist.xml; path = Info.plist; sourceTree = "<group>"; };
		F3B01FF62103D94200770D76 /* TimeLogCell.swift */ = {isa = PBXFileReference; fileEncoding = 4; lastKnownFileType = sourcecode.swift; path = TimeLogCell.swift; sourceTree = "<group>"; };
/* End PBXFileReference section */

/* Begin PBXFrameworksBuildPhase section */
		F3B01F912103CA9700770D76 /* Frameworks */ = {
			isa = PBXFrameworksBuildPhase;
			buildActionMask = 2147483647;
			files = (
			);
			runOnlyForDeploymentPostprocessing = 0;
		};
/* End PBXFrameworksBuildPhase section */

/* Begin PBXGroup section */
		F3B01F8B2103CA9700770D76 = {
			isa = PBXGroup;
			children = (
				F3B01F962103CA9700770D76 /* MRuel002-P6 */,
				F3B01F952103CA9700770D76 /* Products */,
			);
			sourceTree = "<group>";
		};
		F3B01F952103CA9700770D76 /* Products */ = {
			isa = PBXGroup;
			children = (
				F3B01F942103CA9700770D76 /* MRuel002-P6.app */,
			);
			name = Products;
			sourceTree = "<group>";
		};
		F3B01F962103CA9700770D76 /* MRuel002-P6 */ = {
			isa = PBXGroup;
			children = (
				F3B01F972103CA9700770D76 /* AppDelegate.swift */,
				F37F53B021055D9B004174B8 /* TimeLogViewController.swift */,
				F301398421053D64009B5182 /* UserListViewController.swift */,
				F37F53B221055F33004174B8 /* UserDetailViewController.swift */,
				F3B01F992103CA9700770D76 /* ViewController.swift */,
				F3B01F9B2103CA9700770D76 /* Main.storyboard */,
				F3B01FF62103D94200770D76 /* TimeLogCell.swift */,
				F30139862105404C009B5182 /* UserListCell.swift */,
				F3B01FA12103CA9700770D76 /* Assets.xcassets */,
				F3B01FA32103CA9700770D76 /* LaunchScreen.storyboard */,
				F3B01FA62103CA9700770D76 /* Info.plist */,
				F3B01F9E2103CA9700770D76 /* MRuel002_P6.xcdatamodeld */,
				F301398021053AB4009B5182 /* Event+CoreDataClass.swift */,
				F301398121053AB4009B5182 /* Event+CoreDataProperties.swift */,
			);
			path = "MRuel002-P6";
			sourceTree = "<group>";
		};
/* End PBXGroup section */

/* Begin PBXNativeTarget section */
		F3B01F932103CA9700770D76 /* MRuel002-P6 */ = {
			isa = PBXNativeTarget;
			buildConfigurationList = F3B01FA92103CA9700770D76 /* Build configuration list for PBXNativeTarget "MRuel002-P6" */;
			buildPhases = (
				F3B01F902103CA9700770D76 /* Sources */,
				F3B01F912103CA9700770D76 /* Frameworks */,
				F3B01F922103CA9700770D76 /* Resources */,
			);
			buildRules = (
			);
			dependencies = (
			);
			name = "MRuel002-P6";
			productName = "MRuel002-P6";
			productReference = F3B01F942103CA9700770D76 /* MRuel002-P6.app */;
			productType = "com.apple.product-type.application";
		};
/* End PBXNativeTarget section */

/* Begin PBXProject section */
		F3B01F8C2103CA9700770D76 /* Project object */ = {
			isa = PBXProject;
			attributes = {
				LastSwiftUpdateCheck = 0830;
				LastUpgradeCheck = 0830;
				ORGANIZATIONNAME = COP4655;
				TargetAttributes = {
					F3B01F932103CA9700770D76 = {
						CreatedOnToolsVersion = 8.3.3;
						ProvisioningStyle = Automatic;
					};
				};
			};
			buildConfigurationList = F3B01F8F2103CA9700770D76 /* Build configuration list for PBXProject "MRuel002-P6" */;
			compatibilityVersion = "Xcode 3.2";
			developmentRegion = English;
			hasScannedForEncodings = 0;
			knownRegions = (
				en,
				Base,
			);
			mainGroup = F3B01F8B2103CA9700770D76;
			productRefGroup = F3B01F952103CA9700770D76 /* Products */;
			projectDirPath = "";
			projectRoot = "";
			targets = (
				F3B01F932103CA9700770D76 /* MRuel002-P6 */,
			);
		};
/* End PBXProject section */

/* Begin PBXResourcesBuildPhase section */
		F3B01F922103CA9700770D76 /* Resources */ = {
			isa = PBXResourcesBuildPhase;
			buildActionMask = 2147483647;
			files = (
				F3B01FA52103CA9700770D76 /* LaunchScreen.storyboard in Resources */,
				F3B01FA22103CA9700770D76 /* Assets.xcassets in Resources */,
				F3B01F9D2103CA9700770D76 /* Main.storyboard in Resources */,
			);
			runOnlyForDeploymentPostprocessing = 0;
		};
/* End PBXResourcesBuildPhase section */

/* Begin PBXSourcesBuildPhase section */
		F3B01F902103CA9700770D76 /* Sources */ = {
			isa = PBXSourcesBuildPhase;
			buildActionMask = 2147483647;
			files = (
				F30139872105404C009B5182 /* UserListCell.swift in Sources */,
				F3B01F9A2103CA9700770D76 /* ViewController.swift in Sources */,
				F301398521053D64009B5182 /* UserListViewController.swift in Sources */,
				F3B01FF72103D94200770D76 /* TimeLogCell.swift in Sources */,
				F37F53B121055D9B004174B8 /* TimeLogViewController.swift in Sources */,
				F301398321053AB4009B5182 /* Event+CoreDataProperties.swift in Sources */,
				F37F53B321055F33004174B8 /* UserDetailViewController.swift in Sources */,
				F3B01FA02103CA9700770D76 /* MRuel002_P6.xcdatamodeld in Sources */,
				F301398221053AB4009B5182 /* Event+CoreDataClass.swift in Sources */,
				F3B01F982103CA9700770D76 /* AppDelegate.swift in Sources */,
			);
			runOnlyForDeploymentPostprocessing = 0;
		};
/* End PBXSourcesBuildPhase section */

/* Begin PBXVariantGroup section */
		F3B01F9B2103CA9700770D76 /* Main.storyboard */ = {
			isa = PBXVariantGroup;
			children = (
				F3B01F9C2103CA9700770D76 /* Base */,
			);
			name = Main.storyboard;
			sourceTree = "<group>";
		};
		F3B01FA32103CA9700770D76 /* LaunchScreen.storyboard */ = {
			isa = PBXVariantGroup;
			children = (
				F3B01FA42103CA9700770D76 /* Base */,
			);
			name = LaunchScreen.storyboard;
			sourceTree = "<group>";
		};
/* End PBXVariantGroup section */

/* Begin XCBuildConfiguration section */
		F3B01FA72103CA9700770D76 /* Debug */ = {
			isa = XCBuildConfiguration;
			buildSettings = {
				ALWAYS_SEARCH_USER_PATHS = NO;
				CLANG_ANALYZER_NONNULL = YES;
				CLANG_ANALYZER_NUMBER_OBJECT_CONVERSION = YES_AGGRESSIVE;
				CLANG_CXX_LANGUAGE_STANDARD = "gnu++0x";
				CLANG_CXX_LIBRARY = "libc++";
				CLANG_ENABLE_MODULES = YES;
				CLANG_ENABLE_OBJC_ARC = YES;
				CLANG_WARN_BOOL_CONVERSION = YES;
				CLANG_WARN_CONSTANT_CONVERSION = YES;
				CLANG_WARN_DIRECT_OBJC_ISA_USAGE = YES_ERROR;
				CLANG_WARN_DOCUMENTATION_COMMENTS = YES;
				CLANG_WARN_EMPTY_BODY = YES;
				CLANG_WARN_ENUM_CONVERSION = YES;
				CLANG_WARN_INFINITE_RECURSION = YES;
				CLANG_WARN_INT_CONVERSION = YES;
				CLANG_WARN_OBJC_ROOT_CLASS = YES_ERROR;
				CLANG_WARN_SUSPICIOUS_MOVE = YES;
				CLANG_WARN_UNREACHABLE_CODE = YES;
				CLANG_WARN__DUPLICATE_METHOD_MATCH = YES;
				"CODE_SIGN_IDENTITY[sdk=iphoneos*]" = "iPhone Developer";
				COPY_PHASE_STRIP = NO;
				DEBUG_INFORMATION_FORMAT = dwarf;
				ENABLE_STRICT_OBJC_MSGSEND = YES;
				ENABLE_TESTABILITY = YES;
				GCC_C_LANGUAGE_STANDARD = gnu99;
				GCC_DYNAMIC_NO_PIC = NO;
				GCC_NO_COMMON_BLOCKS = YES;
				GCC_OPTIMIZATION_LEVEL = 0;
				GCC_PREPROCESSOR_DEFINITIONS = (
					"DEBUG=1",
					"$(inherited)",
				);
				GCC_WARN_64_TO_32_BIT_CONVERSION = YES;
				GCC_WARN_ABOUT_RETURN_TYPE = YES_ERROR;
				GCC_WARN_UNDECLARED_SELECTOR = YES;
				GCC_WARN_UNINITIALIZED_AUTOS = YES_AGGRESSIVE;
				GCC_WARN_UNUSED_FUNCTION = YES;
				GCC_WARN_UNUSED_VARIABLE = YES;
				IPHONEOS_DEPLOYMENT_TARGET = 10.3;
				MTL_ENABLE_DEBUG_INFO = YES;
				ONLY_ACTIVE_ARCH = YES;
				SDKROOT = iphoneos;
				SWIFT_ACTIVE_COMPILATION_CONDITIONS = DEBUG;
				SWIFT_OPTIMIZATION_LEVEL = "-Onone";
				TARGETED_DEVICE_FAMILY = "1,2";
			};
			name = Debug;
		};
		F3B01FA82103CA9700770D76 /* Release */ = {
			isa = XCBuildConfiguration;
			buildSettings = {
				ALWAYS_SEARCH_USER_PATHS = NO;
				CLANG_ANALYZER_NONNULL = YES;
				CLANG_ANALYZER_NUMBER_OBJECT_CONVERSION = YES_AGGRESSIVE;
				CLANG_CXX_LANGUAGE_STANDARD = "gnu++0x";
				CLANG_CXX_LIBRARY = "libc++";
				CLANG_ENABLE_MODULES = YES;
				CLANG_ENABLE_OBJC_ARC = YES;
				CLANG_WARN_BOOL_CONVERSION = YES;
				CLANG_WARN_CONSTANT_CONVERSION = YES;
				CLANG_WARN_DIRECT_OBJC_ISA_USAGE = YES_ERROR;
				CLANG_WARN_DOCUMENTATION_COMMENTS = YES;
				CLANG_WARN_EMPTY_BODY = YES;
				CLANG_WARN_ENUM_CONVERSION = YES;
				CLANG_WARN_INFINITE_RECURSION = YES;
				CLANG_WARN_INT_CONVERSION = YES;
				CLANG_WARN_OBJC_ROOT_CLASS = YES_ERROR;
				CLANG_WARN_SUSPICIOUS_MOVE = YES;
				CLANG_WARN_UNREACHABLE_CODE = YES;
				CLANG_WARN__DUPLICATE_METHOD_MATCH = YES;
				"CODE_SIGN_IDENTITY[sdk=iphoneos*]" = "iPhone Developer";
				COPY_PHASE_STRIP = NO;
				DEBUG_INFORMATION_FORMAT = "dwarf-with-dsym";
				ENABLE_NS_ASSERTIONS = NO;
				ENABLE_STRICT_OBJC_MSGSEND = YES;
				GCC_C_LANGUAGE_STANDARD = gnu99;
				GCC_NO_COMMON_BLOCKS = YES;
				GCC_WARN_64_TO_32_BIT_CONVERSION = YES;
				GCC_WARN_ABOUT_RETURN_TYPE = YES_ERROR;
				GCC_WARN_UNDECLARED_SELECTOR = YES;
				GCC_WARN_UNINITIALIZED_AUTOS = YES_AGGRESSIVE;
				GCC_WARN_UNUSED_FUNCTION = YES;
				GCC_WARN_UNUSED_VARIABLE = YES;
				IPHONEOS_DEPLOYMENT_TARGET = 10.3;
				MTL_ENABLE_DEBUG_INFO = NO;
				SDKROOT = iphoneos;
				SWIFT_OPTIMIZATION_LEVEL = "-Owholemodule";
				TARGETED_DEVICE_FAMILY = "1,2";
				VALIDATE_PRODUCT = YES;
			};
			name = Release;
		};
		F3B01FAA2103CA9700770D76 /* Debug */ = {
			isa = XCBuildConfiguration;
			buildSettings = {
				ASSETCATALOG_COMPILER_APPICON_NAME = AppIcon;
				INFOPLIST_FILE = "MRuel002-P6/Info.plist";
				LD_RUNPATH_SEARCH_PATHS = "$(inherited) @executable_path/Frameworks";
				PRODUCT_BUNDLE_IDENTIFIER = "test.MRuel002-P6";
				PRODUCT_NAME = "$(TARGET_NAME)";
				SWIFT_VERSION = 3.0;
			};
			name = Debug;
		};
		F3B01FAB2103CA9700770D76 /* Release */ = {
			isa = XCBuildConfiguration;
			buildSettings = {
				ASSETCATALOG_COMPILER_APPICON_NAME = AppIcon;
				INFOPLIST_FILE = "MRuel002-P6/Info.plist";
				LD_RUNPATH_SEARCH_PATHS = "$(inherited) @executable_path/Frameworks";
				PRODUCT_BUNDLE_IDENTIFIER = "test.MRuel002-P6";
				PRODUCT_NAME = "$(TARGET_NAME)";
				SWIFT_VERSION = 3.0;
			};
			name = Release;
		};
/* End XCBuildConfiguration section */

/* Begin XCConfigurationList section */
		F3B01F8F2103CA9700770D76 /* Build configuration list for PBXProject "MRuel002-P6" */ = {
			isa = XCConfigurationList;
			buildConfigurations = (
				F3B01FA72103CA9700770D76 /* Debug */,
				F3B01FA82103CA9700770D76 /* Release */,
			);
			defaultConfigurationIsVisible = 0;
			defaultConfigurationName = Release;
		};
		F3B01FA92103CA9700770D76 /* Build configuration list for PBXNativeTarget "MRuel002-P6" */ = {
			isa = XCConfigurationList;
			buildConfigurations = (
				F3B01FAA2103CA9700770D76 /* Debug */,
				F3B01FAB2103CA9700770D76 /* Release */,
			);
			defaultConfigurationIsVisible = 0;
			defaultConfigurationName = Release;
		};
/* End XCConfigurationList section */

/* Begin XCVersionGroup section */
		F3B01F9E2103CA9700770D76 /* MRuel002_P6.xcdatamodeld */ = {
			isa = XCVersionGroup;
			children = (
				F3B01F9F2103CA9700770D76 /* MRuel002_P6.xcdatamodel */,
			);
			currentVersion = F3B01F9F2103CA9700770D76 /* MRuel002_P6.xcdatamodel */;
			path = MRuel002_P6.xcdatamodeld;
			sourceTree = "<group>";
			versionGroupType = wrapper.xcdatamodel;
		};
/* End XCVersionGroup section */
	};
	rootObject = F3B01F8C2103CA9700770D76 /* Project object */;
}
