// !$*UTF8*$!
{
	archiveVersion = 1;
	classes = {
	};
	objectVersion = 46;
	objects = {

/* Begin PBXBuildFile section */
		F32A69AB20EFD8F5002C005D /* AppDelegate.swift in Sources */ = {isa = PBXBuildFile; fileRef = F32A69AA20EFD8F5002C005D /* AppDelegate.swift */; };
		F32A69B020EFD8F5002C005D /* Main.storyboard in Resources */ = {isa = PBXBuildFile; fileRef = F32A69AE20EFD8F5002C005D /* Main.storyboard */; };
		F32A69B220EFD8F5002C005D /* Assets.xcassets in Resources */ = {isa = PBXBuildFile; fileRef = F32A69B120EFD8F5002C005D /* Assets.xcassets */; };
		F32A69B520EFD8F5002C005D /* LaunchScreen.storyboard in Resources */ = {isa = PBXBuildFile; fileRef = F32A69B320EFD8F5002C005D /* LaunchScreen.storyboard */; };
		F32A69BD20EFDA09002C005D /* TableViewController.swift in Sources */ = {isa = PBXBuildFile; fileRef = F32A69BC20EFDA09002C005D /* TableViewController.swift */; };
		F32A69BF20EFDA56002C005D /* DetailViewController.swift in Sources */ = {isa = PBXBuildFile; fileRef = F32A69BE20EFDA56002C005D /* DetailViewController.swift */; };
		F32A69C120EFE758002C005D /* Contacts.swift in Sources */ = {isa = PBXBuildFile; fileRef = F32A69C020EFE758002C005D /* Contacts.swift */; };
/* End PBXBuildFile section */

/* Begin PBXFileReference section */
		F32A69A720EFD8F5002C005D /* MRuel002P4.app */ = {isa = PBXFileReference; explicitFileType = wrapper.application; includeInIndex = 0; path = MRuel002P4.app; sourceTree = BUILT_PRODUCTS_DIR; };
		F32A69AA20EFD8F5002C005D /* AppDelegate.swift */ = {isa = PBXFileReference; lastKnownFileType = sourcecode.swift; path = AppDelegate.swift; sourceTree = "<group>"; };
		F32A69AF20EFD8F5002C005D /* Base */ = {isa = PBXFileReference; lastKnownFileType = file.storyboard; name = Base; path = Base.lproj/Main.storyboard; sourceTree = "<group>"; };
		F32A69B120EFD8F5002C005D /* Assets.xcassets */ = {isa = PBXFileReference; lastKnownFileType = folder.assetcatalog; path = Assets.xcassets; sourceTree = "<group>"; };
		F32A69B420EFD8F5002C005D /* Base */ = {isa = PBXFileReference; lastKnownFileType = file.storyboard; name = Base; path = Base.lproj/LaunchScreen.storyboard; sourceTree = "<group>"; };
		F32A69B620EFD8F5002C005D /* Info.plist */ = {isa = PBXFileReference; lastKnownFileType = text.plist.xml; path = Info.plist; sourceTree = "<group>"; };
		F32A69BC20EFDA09002C005D /* TableViewController.swift */ = {isa = PBXFileReference; fileEncoding = 4; lastKnownFileType = sourcecode.swift; path = TableViewController.swift; sourceTree = "<group>"; };
		F32A69BE20EFDA56002C005D /* DetailViewController.swift */ = {isa = PBXFileReference; fileEncoding = 4; lastKnownFileType = sourcecode.swift; path = DetailViewController.swift; sourceTree = "<group>"; };
		F32A69C020EFE758002C005D /* Contacts.swift */ = {isa = PBXFileReference; fileEncoding = 4; lastKnownFileType = sourcecode.swift; path = Contacts.swift; sourceTree = "<group>"; };
/* End PBXFileReference section */

/* Begin PBXFrameworksBuildPhase section */
		F32A69A420EFD8F5002C005D /* Frameworks */ = {
			isa = PBXFrameworksBuildPhase;
			buildActionMask = 2147483647;
			files = (
			);
			runOnlyForDeploymentPostprocessing = 0;
		};
/* End PBXFrameworksBuildPhase section */

/* Begin PBXGroup section */
		F32A699E20EFD8F5002C005D = {
			isa = PBXGroup;
			children = (
				F32A69A920EFD8F5002C005D /* MRuel002P4 */,
				F32A69A820EFD8F5002C005D /* Products */,
			);
			sourceTree = "<group>";
		};
		F32A69A820EFD8F5002C005D /* Products */ = {
			isa = PBXGroup;
			children = (
				F32A69A720EFD8F5002C005D /* MRuel002P4.app */,
			);
			name = Products;
			sourceTree = "<group>";
		};
		F32A69A920EFD8F5002C005D /* MRuel002P4 */ = {
			isa = PBXGroup;
			children = (
				F32A69C020EFE758002C005D /* Contacts.swift */,
				F32A69AA20EFD8F5002C005D /* AppDelegate.swift */,
				F32A69BE20EFDA56002C005D /* DetailViewController.swift */,
				F32A69BC20EFDA09002C005D /* TableViewController.swift */,
				F32A69AE20EFD8F5002C005D /* Main.storyboard */,
				F32A69B120EFD8F5002C005D /* Assets.xcassets */,
				F32A69B320EFD8F5002C005D /* LaunchScreen.storyboard */,
				F32A69B620EFD8F5002C005D /* Info.plist */,
			);
			path = MRuel002P4;
			sourceTree = "<group>";
		};
/* End PBXGroup section */

/* Begin PBXNativeTarget section */
		F32A69A620EFD8F5002C005D /* MRuel002P4 */ = {
			isa = PBXNativeTarget;
			buildConfigurationList = F32A69B920EFD8F5002C005D /* Build configuration list for PBXNativeTarget "MRuel002P4" */;
			buildPhases = (
				F32A69A320EFD8F5002C005D /* Sources */,
				F32A69A420EFD8F5002C005D /* Frameworks */,
				F32A69A520EFD8F5002C005D /* Resources */,
			);
			buildRules = (
			);
			dependencies = (
			);
			name = MRuel002P4;
			productName = MRuel002P4;
			productReference = F32A69A720EFD8F5002C005D /* MRuel002P4.app */;
			productType = "com.apple.product-type.application";
		};
/* End PBXNativeTarget section */

/* Begin PBXProject section */
		F32A699F20EFD8F5002C005D /* Project object */ = {
			isa = PBXProject;
			attributes = {
				LastSwiftUpdateCheck = 0830;
				LastUpgradeCheck = 0830;
				ORGANIZATIONNAME = COP4655;
				TargetAttributes = {
					F32A69A620EFD8F5002C005D = {
						CreatedOnToolsVersion = 8.3.3;
						ProvisioningStyle = Automatic;
					};
				};
			};
			buildConfigurationList = F32A69A220EFD8F5002C005D /* Build configuration list for PBXProject "MRuel002P4" */;
			compatibilityVersion = "Xcode 3.2";
			developmentRegion = English;
			hasScannedForEncodings = 0;
			knownRegions = (
				en,
				Base,
			);
			mainGroup = F32A699E20EFD8F5002C005D;
			productRefGroup = F32A69A820EFD8F5002C005D /* Products */;
			projectDirPath = "";
			projectRoot = "";
			targets = (
				F32A69A620EFD8F5002C005D /* MRuel002P4 */,
			);
		};
/* End PBXProject section */

/* Begin PBXResourcesBuildPhase section */
		F32A69A520EFD8F5002C005D /* Resources */ = {
			isa = PBXResourcesBuildPhase;
			buildActionMask = 2147483647;
			files = (
				F32A69B520EFD8F5002C005D /* LaunchScreen.storyboard in Resources */,
				F32A69B220EFD8F5002C005D /* Assets.xcassets in Resources */,
				F32A69B020EFD8F5002C005D /* Main.storyboard in Resources */,
			);
			runOnlyForDeploymentPostprocessing = 0;
		};
/* End PBXResourcesBuildPhase section */

/* Begin PBXSourcesBuildPhase section */
		F32A69A320EFD8F5002C005D /* Sources */ = {
			isa = PBXSourcesBuildPhase;
			buildActionMask = 2147483647;
			files = (
				F32A69C120EFE758002C005D /* Contacts.swift in Sources */,
				F32A69BD20EFDA09002C005D /* TableViewController.swift in Sources */,
				F32A69AB20EFD8F5002C005D /* AppDelegate.swift in Sources */,
				F32A69BF20EFDA56002C005D /* DetailViewController.swift in Sources */,
			);
			runOnlyForDeploymentPostprocessing = 0;
		};
/* End PBXSourcesBuildPhase section */

/* Begin PBXVariantGroup section */
		F32A69AE20EFD8F5002C005D /* Main.storyboard */ = {
			isa = PBXVariantGroup;
			children = (
				F32A69AF20EFD8F5002C005D /* Base */,
			);
			name = Main.storyboard;
			sourceTree = "<group>";
		};
		F32A69B320EFD8F5002C005D /* LaunchScreen.storyboard */ = {
			isa = PBXVariantGroup;
			children = (
				F32A69B420EFD8F5002C005D /* Base */,
			);
			name = LaunchScreen.storyboard;
			sourceTree = "<group>";
		};
/* End PBXVariantGroup section */

/* Begin XCBuildConfiguration section */
		F32A69B720EFD8F5002C005D /* Debug */ = {
			isa = XCBuildConfiguration;
			buildSettings = {
				ALWAYS_SEARCH_USER_PATHS = NO;
				CLANG_ANALYZER_NONNULL = YES;
				CLANG_ANALYZER_NUMBER_OBJECT_CONVERSION = YES_AGGRESSIVE;
				CLANG_CXX_LANGUAGE_STANDARD = "gnu++0x";
				CLANG_CXX_LIBRARY = "libc++";
				CLANG_ENABLE_MODULES = YES;
				CLANG_ENABLE_OBJC_ARC = YES;
				CLANG_WARN_BOOL_CONVERSION = YES;
				CLANG_WARN_CONSTANT_CONVERSION = YES;
				CLANG_WARN_DIRECT_OBJC_ISA_USAGE = YES_ERROR;
				CLANG_WARN_DOCUMENTATION_COMMENTS = YES;
				CLANG_WARN_EMPTY_BODY = YES;
				CLANG_WARN_ENUM_CONVERSION = YES;
				CLANG_WARN_INFINITE_RECURSION = YES;
				CLANG_WARN_INT_CONVERSION = YES;
				CLANG_WARN_OBJC_ROOT_CLASS = YES_ERROR;
				CLANG_WARN_SUSPICIOUS_MOVE = YES;
				CLANG_WARN_UNREACHABLE_CODE = YES;
				CLANG_WARN__DUPLICATE_METHOD_MATCH = YES;
				"CODE_SIGN_IDENTITY[sdk=iphoneos*]" = "iPhone Developer";
				COPY_PHASE_STRIP = NO;
				DEBUG_INFORMATION_FORMAT = dwarf;
				ENABLE_STRICT_OBJC_MSGSEND = YES;
				ENABLE_TESTABILITY = YES;
				GCC_C_LANGUAGE_STANDARD = gnu99;
				GCC_DYNAMIC_NO_PIC = NO;
				GCC_NO_COMMON_BLOCKS = YES;
				GCC_OPTIMIZATION_LEVEL = 0;
				GCC_PREPROCESSOR_DEFINITIONS = (
					"DEBUG=1",
					"$(inherited)",
				);
				GCC_WARN_64_TO_32_BIT_CONVERSION = YES;
				GCC_WARN_ABOUT_RETURN_TYPE = YES_ERROR;
				GCC_WARN_UNDECLARED_SELECTOR = YES;
				GCC_WARN_UNINITIALIZED_AUTOS = YES_AGGRESSIVE;
				GCC_WARN_UNUSED_FUNCTION = YES;
				GCC_WARN_UNUSED_VARIABLE = YES;
				IPHONEOS_DEPLOYMENT_TARGET = 10.3;
				MTL_ENABLE_DEBUG_INFO = YES;
				ONLY_ACTIVE_ARCH = YES;
				SDKROOT = iphoneos;
				SWIFT_ACTIVE_COMPILATION_CONDITIONS = DEBUG;
				SWIFT_OPTIMIZATION_LEVEL = "-Onone";
				TARGETED_DEVICE_FAMILY = "1,2";
			};
			name = Debug;
		};
		F32A69B820EFD8F5002C005D /* Release */ = {
			isa = XCBuildConfiguration;
			buildSettings = {
				ALWAYS_SEARCH_USER_PATHS = NO;
				CLANG_ANALYZER_NONNULL = YES;
				CLANG_ANALYZER_NUMBER_OBJECT_CONVERSION = YES_AGGRESSIVE;
				CLANG_CXX_LANGUAGE_STANDARD = "gnu++0x";
				CLANG_CXX_LIBRARY = "libc++";
				CLANG_ENABLE_MODULES = YES;
				CLANG_ENABLE_OBJC_ARC = YES;
				CLANG_WARN_BOOL_CONVERSION = YES;
				CLANG_WARN_CONSTANT_CONVERSION = YES;
				CLANG_WARN_DIRECT_OBJC_ISA_USAGE = YES_ERROR;
				CLANG_WARN_DOCUMENTATION_COMMENTS = YES;
				CLANG_WARN_EMPTY_BODY = YES;
				CLANG_WARN_ENUM_CONVERSION = YES;
				CLANG_WARN_INFINITE_RECURSION = YES;
				CLANG_WARN_INT_CONVERSION = YES;
				CLANG_WARN_OBJC_ROOT_CLASS = YES_ERROR;
				CLANG_WARN_SUSPICIOUS_MOVE = YES;
				CLANG_WARN_UNREACHABLE_CODE = YES;
				CLANG_WARN__DUPLICATE_METHOD_MATCH = YES;
				"CODE_SIGN_IDENTITY[sdk=iphoneos*]" = "iPhone Developer";
				COPY_PHASE_STRIP = NO;
				DEBUG_INFORMATION_FORMAT = "dwarf-with-dsym";
				ENABLE_NS_ASSERTIONS = NO;
				ENABLE_STRICT_OBJC_MSGSEND = YES;
				GCC_C_LANGUAGE_STANDARD = gnu99;
				GCC_NO_COMMON_BLOCKS = YES;
				GCC_WARN_64_TO_32_BIT_CONVERSION = YES;
				GCC_WARN_ABOUT_RETURN_TYPE = YES_ERROR;
				GCC_WARN_UNDECLARED_SELECTOR = YES;
				GCC_WARN_UNINITIALIZED_AUTOS = YES_AGGRESSIVE;
				GCC_WARN_UNUSED_FUNCTION = YES;
				GCC_WARN_UNUSED_VARIABLE = YES;
				IPHONEOS_DEPLOYMENT_TARGET = 10.3;
				MTL_ENABLE_DEBUG_INFO = NO;
				SDKROOT = iphoneos;
				SWIFT_OPTIMIZATION_LEVEL = "-Owholemodule";
				TARGETED_DEVICE_FAMILY = "1,2";
				VALIDATE_PRODUCT = YES;
			};
			name = Release;
		};
		F32A69BA20EFD8F5002C005D /* Debug */ = {
			isa = XCBuildConfiguration;
			buildSettings = {
				ASSETCATALOG_COMPILER_APPICON_NAME = AppIcon;
				INFOPLIST_FILE = MRuel002P4/Info.plist;
				LD_RUNPATH_SEARCH_PATHS = "$(inherited) @executable_path/Frameworks";
				PRODUCT_BUNDLE_IDENTIFIER = test.MRuel002P4;
				PRODUCT_NAME = "$(TARGET_NAME)";
				SWIFT_VERSION = 3.0;
			};
			name = Debug;
		};
		F32A69BB20EFD8F5002C005D /* Release */ = {
			isa = XCBuildConfiguration;
			buildSettings = {
				ASSETCATALOG_COMPILER_APPICON_NAME = AppIcon;
				INFOPLIST_FILE = MRuel002P4/Info.plist;
				LD_RUNPATH_SEARCH_PATHS = "$(inherited) @executable_path/Frameworks";
				PRODUCT_BUNDLE_IDENTIFIER = test.MRuel002P4;
				PRODUCT_NAME = "$(TARGET_NAME)";
				SWIFT_VERSION = 3.0;
			};
			name = Release;
		};
/* End XCBuildConfiguration section */

/* Begin XCConfigurationList section */
		F32A69A220EFD8F5002C005D /* Build configuration list for PBXProject "MRuel002P4" */ = {
			isa = XCConfigurationList;
			buildConfigurations = (
				F32A69B720EFD8F5002C005D /* Debug */,
				F32A69B820EFD8F5002C005D /* Release */,
			);
			defaultConfigurationIsVisible = 0;
			defaultConfigurationName = Release;
		};
		F32A69B920EFD8F5002C005D /* Build configuration list for PBXNativeTarget "MRuel002P4" */ = {
			isa = XCConfigurationList;
			buildConfigurations = (
				F32A69BA20EFD8F5002C005D /* Debug */,
				F32A69BB20EFD8F5002C005D /* Release */,
			);
			defaultConfigurationIsVisible = 0;
			defaultConfigurationName = Release;
		};
/* End XCConfigurationList section */
	};
	rootObject = F32A699F20EFD8F5002C005D /* Project object */;
}
